
Microsoft Visual Studio Solution File, Format Version 12.00
# Visual Studio Version 16
VisualStudioVersion = 16.0.31005.135
MinimumVisualStudioVersion = 10.0.40219.1
Project("{9A19103F-16F7-4668-BE54-9A1E7A4F7556}") = "DapperDemo", "DapperDemo\DapperDemo.csproj", "{C324B5C1-176E-4A4F-89F2-0DC550B31F1C}"
EndProject
Project("{FAE04EC0-301F-11D3-BF4B-00C04F79EFBC}") = "DapperDemo.Data", "DapperDemo.Data\DapperDemo.Data.csproj", "{CE491DB1-45DE-4CAD-BED4-7897375380F9}"
EndProject
Global
	GlobalSection(SolutionConfigurationPlatforms) = preSolution
		Debug|Any CPU = Debug|Any CPU
		Release|Any CPU = Release|Any CPU
	EndGlobalSection
	GlobalSection(ProjectConfigurationPlatforms) = postSolution
		{C324B5C1-176E-4A4F-89F2-0DC550B31F1C}.Debug|Any CPU.ActiveCfg = Debug|Any CPU
		{C324B5C1-176E-4A4F-89F2-0DC550B31F1C}.Debug|Any CPU.Build.0 = Debug|Any CPU
		{C324B5C1-176E-4A4F-89F2-0DC550B31F1C}.Release|Any CPU.ActiveCfg = Release|Any CPU
		{C324B5C1-176E-4A4F-89F2-0DC550B31F1C}.Release|Any CPU.Build.0 = Release|Any CPU
		{CE491DB1-45DE-4CAD-BED4-7897375380F9}.Debug|Any CPU.ActiveCfg = Debug|Any CPU
		{CE491DB1-45DE-4CAD-BED4-7897375380F9}.Debug|Any CPU.Build.0 = Debug|Any CPU
		{CE491DB1-45DE-4CAD-BED4-7897375380F9}.Release|Any CPU.ActiveCfg = Release|Any CPU
		{CE491DB1-45DE-4CAD-BED4-7897375380F9}.Release|Any CPU.Build.0 = Release|Any CPU
	EndGlobalSection
	GlobalSection(SolutionProperties) = preSolution
		HideSolutionNode = FALSE
	EndGlobalSection
	GlobalSection(ExtensibilityGlobals) = postSolution
		SolutionGuid = {F555A330-62D5-46D3-8CCE-C2BC361B2666}
	EndGlobalSection
EndGlobal
